
Microsoft Visual Studio Solution File, Format Version 11.00
# Visual Studio 15
Project("{8BC9CEB8-8B4A-11D0-8D11-00A0C91BC942}") = "3d", "3d.vcxproj", "{0263BCF8-B4E5-4360-AEDE-8A6115E904BB}"
EndProject
Project("{8BC9CEB8-8B4A-11D0-8D11-00A0C91BC942}") = "asyncio", "asyncio.vcxproj", "{A59D4278-5E17-42C6-AA41-54E94FD08C7F}"
EndProject
Project("{8BC9CEB8-8B4A-11D0-8D11-00A0C91BC942}") = "channel_groups", "channel_groups.vcxproj", "{E9DFC5C9-8BAA-49AE-BECE-8A4936A7D0AA}"
EndProject
Project("{8BC9CEB8-8B4A-11D0-8D11-00A0C91BC942}") = "convolution_reverb", "convolution_reverb.vcxproj", "{2CEC4D49-5AB9-467F-8AF6-F9608E99C515}"
EndProject
Project("{8BC9CEB8-8B4A-11D0-8D11-00A0C91BC942}") = "dsp_custom", "dsp_custom.vcxproj", "{836B7EA7-A574-4C1E-A479-087D32E6C429}"
EndProject
Project("{8BC9CEB8-8B4A-11D0-8D11-00A0C91BC942}") = "dsp_effect_per_speaker", "dsp_effect_per_speaker.vcxproj", "{30529928-868E-42EC-943E-5CBF5C7F1A35}"
EndProject
Project("{8BC9CEB8-8B4A-11D0-8D11-00A0C91BC942}") = "dsp_inspector", "dsp_inspector.vcxproj", "{99AD7028-A114-48D9-8392-6B47A2E9C513}"
EndProject
Project("{8BC9CEB8-8B4A-11D0-8D11-00A0C91BC942}") = "effects", "effects.vcxproj", "{1699E23D-4EC1-4C34-8F8C-295837750EE2}"
EndProject
Project("{8BC9CEB8-8B4A-11D0-8D11-00A0C91BC942}") = "gapless_playback", "gapless_playback.vcxproj", "{31F0724C-631D-4B25-A854-76EF62362B0F}"
EndProject
Project("{8BC9CEB8-8B4A-11D0-8D11-00A0C91BC942}") = "generate_tone", "generate_tone.vcxproj", "{A0E97C7E-CF13-49DF-ADC9-49009C457F66}"
EndProject
Project("{8BC9CEB8-8B4A-11D0-8D11-00A0C91BC942}") = "granular_synth", "granular_synth.vcxproj", "{AE058B1D-9B7B-40A4-BBA9-F58602638600}"
EndProject
Project("{8BC9CEB8-8B4A-11D0-8D11-00A0C91BC942}") = "load_from_memory", "load_from_memory.vcxproj", "{F2764C84-4098-4021-8817-2637251CE60A}"
EndProject
Project("{8BC9CEB8-8B4A-11D0-8D11-00A0C91BC942}") = "multiple_speaker", "multiple_speaker.vcxproj", "{18081960-EE33-4CBD-9769-0B9F25F40279}"
EndProject
Project("{8BC9CEB8-8B4A-11D0-8D11-00A0C91BC942}") = "multiple_system", "multiple_system.vcxproj", "{0F825ED3-08B4-485E-BE36-1F800F4479FD}"
EndProject
Project("{8BC9CEB8-8B4A-11D0-8D11-00A0C91BC942}") = "net_stream", "net_stream.vcxproj", "{73FEF393-9465-44D8-9016-7BA5628B7269}"
EndProject
Project("{8BC9CEB8-8B4A-11D0-8D11-00A0C91BC942}") = "play_sound", "play_sound.vcxproj", "{209FD853-4902-453B-A508-4F831BC4227C}"
EndProject
Project("{8BC9CEB8-8B4A-11D0-8D11-00A0C91BC942}") = "play_stream", "play_stream.vcxproj", "{A85BC9E1-75AA-4913-BFD6-99E772CF36EA}"
EndProject
Project("{8BC9CEB8-8B4A-11D0-8D11-00A0C91BC942}") = "record", "record.vcxproj", "{370FF0D6-D01B-4586-B49B-9BC4EC7B0034}"
EndProject
Project("{8BC9CEB8-8B4A-11D0-8D11-00A0C91BC942}") = "record_enumeration", "record_enumeration.vcxproj", "{5AD75523-017B-4CAA-B7C3-041416EC3831}"
EndProject
Project("{8BC9CEB8-8B4A-11D0-8D11-00A0C91BC942}") = "user_created_sound", "user_created_sound.vcxproj", "{7CC56FC5-118D-435C-A724-8279E396C307}"
EndProject
Project("{8BC9CEB8-8B4A-11D0-8D11-00A0C91BC942}") = "fmod_codec_raw", "fmod_codec_raw.vcxproj", "{D29BE337-A7FA-455B-AEDC-0FC5CB82E7CA}"
EndProject
Project("{8BC9CEB8-8B4A-11D0-8D11-00A0C91BC942}") = "fmod_distance_filter", "fmod_distance_filter.vcxproj", "{C5DBAA93-2BEB-4DC1-9907-65BEBA0A2D75}"
EndProject
Project("{8BC9CEB8-8B4A-11D0-8D11-00A0C91BC942}") = "fmod_gain", "fmod_gain.vcxproj", "{E0050703-3999-4426-95B7-FB3445EEA879}"
EndProject
Project("{8BC9CEB8-8B4A-11D0-8D11-00A0C91BC942}") = "fmod_noise", "fmod_noise.vcxproj", "{5509D897-EF17-47ED-80EB-06CB2BF7A3A7}"
EndProject
Project("{8BC9CEB8-8B4A-11D0-8D11-00A0C91BC942}") = "output_mp3", "output_mp3.vcxproj", "{8D123824-5F37-40D4-89ED-0A8398D5826B}"
EndProject
Global
	GlobalSection(SolutionConfigurationPlatforms) = preSolution
		Debug|Win32 = Debug|Win32
		Debug|x64 = Debug|x64
		Release|Win32 = Release|Win32
		Release|x64 = Release|x64
	EndGlobalSection
	GlobalSection(ProjectConfigurationPlatforms) = postSolution
		{0263BCF8-B4E5-4360-AEDE-8A6115E904BB}.Debug|Win32.ActiveCfg = Debug|Win32
		{0263BCF8-B4E5-4360-AEDE-8A6115E904BB}.Debug|Win32.Build.0 = Debug|Win32
		{0263BCF8-B4E5-4360-AEDE-8A6115E904BB}.Debug|Win32.Deploy.0 = Debug|Win32
		{0263BCF8-B4E5-4360-AEDE-8A6115E904BB}.Debug|x64.ActiveCfg = Debug|x64
		{0263BCF8-B4E5-4360-AEDE-8A6115E904BB}.Debug|x64.Build.0 = Debug|x64
		{0263BCF8-B4E5-4360-AEDE-8A6115E904BB}.Debug|x64.Deploy.0 = Debug|x64
		{0263BCF8-B4E5-4360-AEDE-8A6115E904BB}.Release|Win32.ActiveCfg = Release|Win32
		{0263BCF8-B4E5-4360-AEDE-8A6115E904BB}.Release|Win32.Build.0 = Release|Win32
		{0263BCF8-B4E5-4360-AEDE-8A6115E904BB}.Release|Win32.Deploy.0 = Release|Win32
		{0263BCF8-B4E5-4360-AEDE-8A6115E904BB}.Release|x64.ActiveCfg = Release|x64
		{0263BCF8-B4E5-4360-AEDE-8A6115E904BB}.Release|x64.Build.0 = Release|x64
		{0263BCF8-B4E5-4360-AEDE-8A6115E904BB}.Release|x64.Deploy.0 = Release|x64
		{A59D4278-5E17-42C6-AA41-54E94FD08C7F}.Debug|Win32.ActiveCfg = Debug|Win32
		{A59D4278-5E17-42C6-AA41-54E94FD08C7F}.Debug|Win32.Build.0 = Debug|Win32
		{A59D4278-5E17-42C6-AA41-54E94FD08C7F}.Debug|Win32.Deploy.0 = Debug|Win32
		{A59D4278-5E17-42C6-AA41-54E94FD08C7F}.Debug|x64.ActiveCfg = Debug|x64
		{A59D4278-5E17-42C6-AA41-54E94FD08C7F}.Debug|x64.Build.0 = Debug|x64
		{A59D4278-5E17-42C6-AA41-54E94FD08C7F}.Debug|x64.Deploy.0 = Debug|x64
		{A59D4278-5E17-42C6-AA41-54E94FD08C7F}.Release|Win32.ActiveCfg = Release|Win32
		{A59D4278-5E17-42C6-AA41-54E94FD08C7F}.Release|Win32.Build.0 = Release|Win32
		{A59D4278-5E17-42C6-AA41-54E94FD08C7F}.Release|Win32.Deploy.0 = Release|Win32
		{A59D4278-5E17-42C6-AA41-54E94FD08C7F}.Release|x64.ActiveCfg = Release|x64
		{A59D4278-5E17-42C6-AA41-54E94FD08C7F}.Release|x64.Build.0 = Release|x64
		{A59D4278-5E17-42C6-AA41-54E94FD08C7F}.Release|x64.Deploy.0 = Release|x64
		{E9DFC5C9-8BAA-49AE-BECE-8A4936A7D0AA}.Debug|Win32.ActiveCfg = Debug|Win32
		{E9DFC5C9-8BAA-49AE-BECE-8A4936A7D0AA}.Debug|Win32.Build.0 = Debug|Win32
		{E9DFC5C9-8BAA-49AE-BECE-8A4936A7D0AA}.Debug|Win32.Deploy.0 = Debug|Win32
		{E9DFC5C9-8BAA-49AE-BECE-8A4936A7D0AA}.Debug|x64.ActiveCfg = Debug|x64
		{E9DFC5C9-8BAA-49AE-BECE-8A4936A7D0AA}.Debug|x64.Build.0 = Debug|x64
		{E9DFC5C9-8BAA-49AE-BECE-8A4936A7D0AA}.Debug|x64.Deploy.0 = Debug|x64
		{E9DFC5C9-8BAA-49AE-BECE-8A4936A7D0AA}.Release|Win32.ActiveCfg = Release|Win32
		{E9DFC5C9-8BAA-49AE-BECE-8A4936A7D0AA}.Release|Win32.Build.0 = Release|Win32
		{E9DFC5C9-8BAA-49AE-BECE-8A4936A7D0AA}.Release|Win32.Deploy.0 = Release|Win32
		{E9DFC5C9-8BAA-49AE-BECE-8A4936A7D0AA}.Release|x64.ActiveCfg = Release|x64
		{E9DFC5C9-8BAA-49AE-BECE-8A4936A7D0AA}.Release|x64.Build.0 = Release|x64
		{E9DFC5C9-8BAA-49AE-BECE-8A4936A7D0AA}.Release|x64.Deploy.0 = Release|x64
		{2CEC4D49-5AB9-467F-8AF6-F9608E99C515}.Debug|Win32.ActiveCfg = Debug|Win32
		{2CEC4D49-5AB9-467F-8AF6-F9608E99C515}.Debug|Win32.Build.0 = Debug|Win32
		{2CEC4D49-5AB9-467F-8AF6-F9608E99C515}.Debug|Win32.Deploy.0 = Debug|Win32
		{2CEC4D49-5AB9-467F-8AF6-F9608E99C515}.Debug|x64.ActiveCfg = Debug|x64
		{2CEC4D49-5AB9-467F-8AF6-F9608E99C515}.Debug|x64.Build.0 = Debug|x64
		{2CEC4D49-5AB9-467F-8AF6-F9608E99C515}.Debug|x64.Deploy.0 = Debug|x64
		{2CEC4D49-5AB9-467F-8AF6-F9608E99C515}.Release|Win32.ActiveCfg = Release|Win32
		{2CEC4D49-5AB9-467F-8AF6-F9608E99C515}.Release|Win32.Build.0 = Release|Win32
		{2CEC4D49-5AB9-467F-8AF6-F9608E99C515}.Release|Win32.Deploy.0 = Release|Win32
		{2CEC4D49-5AB9-467F-8AF6-F9608E99C515}.Release|x64.ActiveCfg = Release|x64
		{2CEC4D49-5AB9-467F-8AF6-F9608E99C515}.Release|x64.Build.0 = Release|x64
		{2CEC4D49-5AB9-467F-8AF6-F9608E99C515}.Release|x64.Deploy.0 = Release|x64
		{836B7EA7-A574-4C1E-A479-087D32E6C429}.Debug|Win32.ActiveCfg = Debug|Win32
		{836B7EA7-A574-4C1E-A479-087D32E6C429}.Debug|Win32.Build.0 = Debug|Win32
		{836B7EA7-A574-4C1E-A479-087D32E6C429}.Debug|Win32.Deploy.0 = Debug|Win32
		{836B7EA7-A574-4C1E-A479-087D32E6C429}.Debug|x64.ActiveCfg = Debug|x64
		{836B7EA7-A574-4C1E-A479-087D32E6C429}.Debug|x64.Build.0 = Debug|x64
		{836B7EA7-A574-4C1E-A479-087D32E6C429}.Debug|x64.Deploy.0 = Debug|x64
		{836B7EA7-A574-4C1E-A479-087D32E6C429}.Release|Win32.ActiveCfg = Release|Win32
		{836B7EA7-A574-4C1E-A479-087D32E6C429}.Release|Win32.Build.0 = Release|Win32
		{836B7EA7-A574-4C1E-A479-087D32E6C429}.Release|Win32.Deploy.0 = Release|Win32
		{836B7EA7-A574-4C1E-A479-087D32E6C429}.Release|x64.ActiveCfg = Release|x64
		{836B7EA7-A574-4C1E-A479-087D32E6C429}.Release|x64.Build.0 = Release|x64
		{836B7EA7-A574-4C1E-A479-087D32E6C429}.Release|x64.Deploy.0 = Release|x64
		{30529928-868E-42EC-943E-5CBF5C7F1A35}.Debug|Win32.ActiveCfg = Debug|Win32
		{30529928-868E-42EC-943E-5CBF5C7F1A35}.Debug|Win32.Build.0 = Debug|Win32
		{30529928-868E-42EC-943E-5CBF5C7F1A35}.Debug|Win32.Deploy.0 = Debug|Win32
		{30529928-868E-42EC-943E-5CBF5C7F1A35}.Debug|x64.ActiveCfg = Debug|x64
		{30529928-868E-42EC-943E-5CBF5C7F1A35}.Debug|x64.Build.0 = Debug|x64
		{30529928-868E-42EC-943E-5CBF5C7F1A35}.Debug|x64.Deploy.0 = Debug|x64
		{30529928-868E-42EC-943E-5CBF5C7F1A35}.Release|Win32.ActiveCfg = Release|Win32
		{30529928-868E-42EC-943E-5CBF5C7F1A35}.Release|Win32.Build.0 = Release|Win32
		{30529928-868E-42EC-943E-5CBF5C7F1A35}.Release|Win32.Deploy.0 = Release|Win32
		{30529928-868E-42EC-943E-5CBF5C7F1A35}.Release|x64.ActiveCfg = Release|x64
		{30529928-868E-42EC-943E-5CBF5C7F1A35}.Release|x64.Build.0 = Release|x64
		{30529928-868E-42EC-943E-5CBF5C7F1A35}.Release|x64.Deploy.0 = Release|x64
		{99AD7028-A114-48D9-8392-6B47A2E9C513}.Debug|Win32.ActiveCfg = Debug|Win32
		{99AD7028-A114-48D9-8392-6B47A2E9C513}.Debug|Win32.Build.0 = Debug|Win32
		{99AD7028-A114-48D9-8392-6B47A2E9C513}.Debug|Win32.Deploy.0 = Debug|Win32
		{99AD7028-A114-48D9-8392-6B47A2E9C513}.Debug|x64.ActiveCfg = Debug|x64
		{99AD7028-A114-48D9-8392-6B47A2E9C513}.Debug|x64.Build.0 = Debug|x64
		{99AD7028-A114-48D9-8392-6B47A2E9C513}.Debug|x64.Deploy.0 = Debug|x64
		{99AD7028-A114-48D9-8392-6B47A2E9C513}.Release|Win32.ActiveCfg = Release|Win32
		{99AD7028-A114-48D9-8392-6B47A2E9C513}.Release|Win32.Build.0 = Release|Win32
		{99AD7028-A114-48D9-8392-6B47A2E9C513}.Release|Win32.Deploy.0 = Release|Win32
		{99AD7028-A114-48D9-8392-6B47A2E9C513}.Release|x64.ActiveCfg = Release|x64
		{99AD7028-A114-48D9-8392-6B47A2E9C513}.Release|x64.Build.0 = Release|x64
		{99AD7028-A114-48D9-8392-6B47A2E9C513}.Release|x64.Deploy.0 = Release|x64
		{1699E23D-4EC1-4C34-8F8C-295837750EE2}.Debug|Win32.ActiveCfg = Debug|Win32
		{1699E23D-4EC1-4C34-8F8C-295837750EE2}.Debug|Win32.Build.0 = Debug|Win32
		{1699E23D-4EC1-4C34-8F8C-295837750EE2}.Debug|Win32.Deploy.0 = Debug|Win32
		{1699E23D-4EC1-4C34-8F8C-295837750EE2}.Debug|x64.ActiveCfg = Debug|x64
		{1699E23D-4EC1-4C34-8F8C-295837750EE2}.Debug|x64.Build.0 = Debug|x64
		{1699E23D-4EC1-4C34-8F8C-295837750EE2}.Debug|x64.Deploy.0 = Debug|x64
		{1699E23D-4EC1-4C34-8F8C-295837750EE2}.Release|Win32.ActiveCfg = Release|Win32
		{1699E23D-4EC1-4C34-8F8C-295837750EE2}.Release|Win32.Build.0 = Release|Win32
		{1699E23D-4EC1-4C34-8F8C-295837750EE2}.Release|Win32.Deploy.0 = Release|Win32
		{1699E23D-4EC1-4C34-8F8C-295837750EE2}.Release|x64.ActiveCfg = Release|x64
		{1699E23D-4EC1-4C34-8F8C-295837750EE2}.Release|x64.Build.0 = Release|x64
		{1699E23D-4EC1-4C34-8F8C-295837750EE2}.Release|x64.Deploy.0 = Release|x64
		{31F0724C-631D-4B25-A854-76EF62362B0F}.Debug|Win32.ActiveCfg = Debug|Win32
		{31F0724C-631D-4B25-A854-76EF62362B0F}.Debug|Win32.Build.0 = Debug|Win32
		{31F0724C-631D-4B25-A854-76EF62362B0F}.Debug|Win32.Deploy.0 = Debug|Win32
		{31F0724C-631D-4B25-A854-76EF62362B0F}.Debug|x64.ActiveCfg = Debug|x64
		{31F0724C-631D-4B25-A854-76EF62362B0F}.Debug|x64.Build.0 = Debug|x64
		{31F0724C-631D-4B25-A854-76EF62362B0F}.Debug|x64.Deploy.0 = Debug|x64
		{31F0724C-631D-4B25-A854-76EF62362B0F}.Release|Win32.ActiveCfg = Release|Win32
		{31F0724C-631D-4B25-A854-76EF62362B0F}.Release|Win32.Build.0 = Release|Win32
		{31F0724C-631D-4B25-A854-76EF62362B0F}.Release|Win32.Deploy.0 = Release|Win32
		{31F0724C-631D-4B25-A854-76EF62362B0F}.Release|x64.ActiveCfg = Release|x64
		{31F0724C-631D-4B25-A854-76EF62362B0F}.Release|x64.Build.0 = Release|x64
		{31F0724C-631D-4B25-A854-76EF62362B0F}.Release|x64.Deploy.0 = Release|x64
		{A0E97C7E-CF13-49DF-ADC9-49009C457F66}.Debug|Win32.ActiveCfg = Debug|Win32
		{A0E97C7E-CF13-49DF-ADC9-49009C457F66}.Debug|Win32.Build.0 = Debug|Win32
		{A0E97C7E-CF13-49DF-ADC9-49009C457F66}.Debug|Win32.Deploy.0 = Debug|Win32
		{A0E97C7E-CF13-49DF-ADC9-49009C457F66}.Debug|x64.ActiveCfg = Debug|x64
		{A0E97C7E-CF13-49DF-ADC9-49009C457F66}.Debug|x64.Build.0 = Debug|x64
		{A0E97C7E-CF13-49DF-ADC9-49009C457F66}.Debug|x64.Deploy.0 = Debug|x64
		{A0E97C7E-CF13-49DF-ADC9-49009C457F66}.Release|Win32.ActiveCfg = Release|Win32
		{A0E97C7E-CF13-49DF-ADC9-49009C457F66}.Release|Win32.Build.0 = Release|Win32
		{A0E97C7E-CF13-49DF-ADC9-49009C457F66}.Release|Win32.Deploy.0 = Release|Win32
		{A0E97C7E-CF13-49DF-ADC9-49009C457F66}.Release|x64.ActiveCfg = Release|x64
		{A0E97C7E-CF13-49DF-ADC9-49009C457F66}.Release|x64.Build.0 = Release|x64
		{A0E97C7E-CF13-49DF-ADC9-49009C457F66}.Release|x64.Deploy.0 = Release|x64
		{AE058B1D-9B7B-40A4-BBA9-F58602638600}.Debug|Win32.ActiveCfg = Debug|Win32
		{AE058B1D-9B7B-40A4-BBA9-F58602638600}.Debug|Win32.Build.0 = Debug|Win32
		{AE058B1D-9B7B-40A4-BBA9-F58602638600}.Debug|Win32.Deploy.0 = Debug|Win32
		{AE058B1D-9B7B-40A4-BBA9-F58602638600}.Debug|x64.ActiveCfg = Debug|x64
		{AE058B1D-9B7B-40A4-BBA9-F58602638600}.Debug|x64.Build.0 = Debug|x64
		{AE058B1D-9B7B-40A4-BBA9-F58602638600}.Debug|x64.Deploy.0 = Debug|x64
		{AE058B1D-9B7B-40A4-BBA9-F58602638600}.Release|Win32.ActiveCfg = Release|Win32
		{AE058B1D-9B7B-40A4-BBA9-F58602638600}.Release|Win32.Build.0 = Release|Win32
		{AE058B1D-9B7B-40A4-BBA9-F58602638600}.Release|Win32.Deploy.0 = Release|Win32
		{AE058B1D-9B7B-40A4-BBA9-F58602638600}.Release|x64.ActiveCfg = Release|x64
		{AE058B1D-9B7B-40A4-BBA9-F58602638600}.Release|x64.Build.0 = Release|x64
		{AE058B1D-9B7B-40A4-BBA9-F58602638600}.Release|x64.Deploy.0 = Release|x64
		{F2764C84-4098-4021-8817-2637251CE60A}.Debug|Win32.ActiveCfg = Debug|Win32
		{F2764C84-4098-4021-8817-2637251CE60A}.Debug|Win32.Build.0 = Debug|Win32
		{F2764C84-4098-4021-8817-2637251CE60A}.Debug|Win32.Deploy.0 = Debug|Win32
		{F2764C84-4098-4021-8817-2637251CE60A}.Debug|x64.ActiveCfg = Debug|x64
		{F2764C84-4098-4021-8817-2637251CE60A}.Debug|x64.Build.0 = Debug|x64
		{F2764C84-4098-4021-8817-2637251CE60A}.Debug|x64.Deploy.0 = Debug|x64
		{F2764C84-4098-4021-8817-2637251CE60A}.Release|Win32.ActiveCfg = Release|Win32
		{F2764C84-4098-4021-8817-2637251CE60A}.Release|Win32.Build.0 = Release|Win32
		{F2764C84-4098-4021-8817-2637251CE60A}.Release|Win32.Deploy.0 = Release|Win32
		{F2764C84-4098-4021-8817-2637251CE60A}.Release|x64.ActiveCfg = Release|x64
		{F2764C84-4098-4021-8817-2637251CE60A}.Release|x64.Build.0 = Release|x64
		{F2764C84-4098-4021-8817-2637251CE60A}.Release|x64.Deploy.0 = Release|x64
		{18081960-EE33-4CBD-9769-0B9F25F40279}.Debug|Win32.ActiveCfg = Debug|Win32
		{18081960-EE33-4CBD-9769-0B9F25F40279}.Debug|Win32.Build.0 = Debug|Win32
		{18081960-EE33-4CBD-9769-0B9F25F40279}.Debug|Win32.Deploy.0 = Debug|Win32
		{18081960-EE33-4CBD-9769-0B9F25F40279}.Debug|x64.ActiveCfg = Debug|x64
		{18081960-EE33-4CBD-9769-0B9F25F40279}.Debug|x64.Build.0 = Debug|x64
		{18081960-EE33-4CBD-9769-0B9F25F40279}.Debug|x64.Deploy.0 = Debug|x64
		{18081960-EE33-4CBD-9769-0B9F25F40279}.Release|Win32.ActiveCfg = Release|Win32
		{18081960-EE33-4CBD-9769-0B9F25F40279}.Release|Win32.Build.0 = Release|Win32
		{18081960-EE33-4CBD-9769-0B9F25F40279}.Release|Win32.Deploy.0 = Release|Win32
		{18081960-EE33-4CBD-9769-0B9F25F40279}.Release|x64.ActiveCfg = Release|x64
		{18081960-EE33-4CBD-9769-0B9F25F40279}.Release|x64.Build.0 = Release|x64
		{18081960-EE33-4CBD-9769-0B9F25F40279}.Release|x64.Deploy.0 = Release|x64
		{0F825ED3-08B4-485E-BE36-1F800F4479FD}.Debug|Win32.ActiveCfg = Debug|Win32
		{0F825ED3-08B4-485E-BE36-1F800F4479FD}.Debug|Win32.Build.0 = Debug|Win32
		{0F825ED3-08B4-485E-BE36-1F800F4479FD}.Debug|Win32.Deploy.0 = Debug|Win32
		{0F825ED3-08B4-485E-BE36-1F800F4479FD}.Debug|x64.ActiveCfg = Debug|x64
		{0F825ED3-08B4-485E-BE36-1F800F4479FD}.Debug|x64.Build.0 = Debug|x64
		{0F825ED3-08B4-485E-BE36-1F800F4479FD}.Debug|x64.Deploy.0 = Debug|x64
		{0F825ED3-08B4-485E-BE36-1F800F4479FD}.Release|Win32.ActiveCfg = Release|Win32
		{0F825ED3-08B4-485E-BE36-1F800F4479FD}.Release|Win32.Build.0 = Release|Win32
		{0F825ED3-08B4-485E-BE36-1F800F4479FD}.Release|Win32.Deploy.0 = Release|Win32
		{0F825ED3-08B4-485E-BE36-1F800F4479FD}.Release|x64.ActiveCfg = Release|x64
		{0F825ED3-08B4-485E-BE36-1F800F4479FD}.Release|x64.Build.0 = Release|x64
		{0F825ED3-08B4-485E-BE36-1F800F4479FD}.Release|x64.Deploy.0 = Release|x64
		{73FEF393-9465-44D8-9016-7BA5628B7269}.Debug|Win32.ActiveCfg = Debug|Win32
		{73FEF393-9465-44D8-9016-7BA5628B7269}.Debug|Win32.Build.0 = Debug|Win32
		{73FEF393-9465-44D8-9016-7BA5628B7269}.Debug|Win32.Deploy.0 = Debug|Win32
		{73FEF393-9465-44D8-9016-7BA5628B7269}.Debug|x64.ActiveCfg = Debug|x64
		{73FEF393-9465-44D8-9016-7BA5628B7269}.Debug|x64.Build.0 = Debug|x64
		{73FEF393-9465-44D8-9016-7BA5628B7269}.Debug|x64.Deploy.0 = Debug|x64
		{73FEF393-9465-44D8-9016-7BA5628B7269}.Release|Win32.ActiveCfg = Release|Win32
		{73FEF393-9465-44D8-9016-7BA5628B7269}.Release|Win32.Build.0 = Release|Win32
		{73FEF393-9465-44D8-9016-7BA5628B7269}.Release|Win32.Deploy.0 = Release|Win32
		{73FEF393-9465-44D8-9016-7BA5628B7269}.Release|x64.ActiveCfg = Release|x64
		{73FEF393-9465-44D8-9016-7BA5628B7269}.Release|x64.Build.0 = Release|x64
		{73FEF393-9465-44D8-9016-7BA5628B7269}.Release|x64.Deploy.0 = Release|x64
		{209FD853-4902-453B-A508-4F831BC4227C}.Debug|Win32.ActiveCfg = Debug|Win32
		{209FD853-4902-453B-A508-4F831BC4227C}.Debug|Win32.Build.0 = Debug|Win32
		{209FD853-4902-453B-A508-4F831BC4227C}.Debug|Win32.Deploy.0 = Debug|Win32
		{209FD853-4902-453B-A508-4F831BC4227C}.Debug|x64.ActiveCfg = Debug|x64
		{209FD853-4902-453B-A508-4F831BC4227C}.Debug|x64.Build.0 = Debug|x64
		{209FD853-4902-453B-A508-4F831BC4227C}.Debug|x64.Deploy.0 = Debug|x64
		{209FD853-4902-453B-A508-4F831BC4227C}.Release|Win32.ActiveCfg = Release|Win32
		{209FD853-4902-453B-A508-4F831BC4227C}.Release|Win32.Build.0 = Release|Win32
		{209FD853-4902-453B-A508-4F831BC4227C}.Release|Win32.Deploy.0 = Release|Win32
		{209FD853-4902-453B-A508-4F831BC4227C}.Release|x64.ActiveCfg = Release|x64
		{209FD853-4902-453B-A508-4F831BC4227C}.Release|x64.Build.0 = Release|x64
		{209FD853-4902-453B-A508-4F831BC4227C}.Release|x64.Deploy.0 = Release|x64
		{A85BC9E1-75AA-4913-BFD6-99E772CF36EA}.Debug|Win32.ActiveCfg = Debug|Win32
		{A85BC9E1-75AA-4913-BFD6-99E772CF36EA}.Debug|Win32.Build.0 = Debug|Win32
		{A85BC9E1-75AA-4913-BFD6-99E772CF36EA}.Debug|Win32.Deploy.0 = Debug|Win32
		{A85BC9E1-75AA-4913-BFD6-99E772CF36EA}.Debug|x64.ActiveCfg = Debug|x64
		{A85BC9E1-75AA-4913-BFD6-99E772CF36EA}.Debug|x64.Build.0 = Debug|x64
		{A85BC9E1-75AA-4913-BFD6-99E772CF36EA}.Debug|x64.Deploy.0 = Debug|x64
		{A85BC9E1-75AA-4913-BFD6-99E772CF36EA}.Release|Win32.ActiveCfg = Release|Win32
		{A85BC9E1-75AA-4913-BFD6-99E772CF36EA}.Release|Win32.Build.0 = Release|Win32
		{A85BC9E1-75AA-4913-BFD6-99E772CF36EA}.Release|Win32.Deploy.0 = Release|Win32
		{A85BC9E1-75AA-4913-BFD6-99E772CF36EA}.Release|x64.ActiveCfg = Release|x64
		{A85BC9E1-75AA-4913-BFD6-99E772CF36EA}.Release|x64.Build.0 = Release|x64
		{A85BC9E1-75AA-4913-BFD6-99E772CF36EA}.Release|x64.Deploy.0 = Release|x64
		{370FF0D6-D01B-4586-B49B-9BC4EC7B0034}.Debug|Win32.ActiveCfg = Debug|Win32
		{370FF0D6-D01B-4586-B49B-9BC4EC7B0034}.Debug|Win32.Build.0 = Debug|Win32
		{370FF0D6-D01B-4586-B49B-9BC4EC7B0034}.Debug|Win32.Deploy.0 = Debug|Win32
		{370FF0D6-D01B-4586-B49B-9BC4EC7B0034}.Debug|x64.ActiveCfg = Debug|x64
		{370FF0D6-D01B-4586-B49B-9BC4EC7B0034}.Debug|x64.Build.0 = Debug|x64
		{370FF0D6-D01B-4586-B49B-9BC4EC7B0034}.Debug|x64.Deploy.0 = Debug|x64
		{370FF0D6-D01B-4586-B49B-9BC4EC7B0034}.Release|Win32.ActiveCfg = Release|Win32
		{370FF0D6-D01B-4586-B49B-9BC4EC7B0034}.Release|Win32.Build.0 = Release|Win32
		{370FF0D6-D01B-4586-B49B-9BC4EC7B0034}.Release|Win32.Deploy.0 = Release|Win32
		{370FF0D6-D01B-4586-B49B-9BC4EC7B0034}.Release|x64.ActiveCfg = Release|x64
		{370FF0D6-D01B-4586-B49B-9BC4EC7B0034}.Release|x64.Build.0 = Release|x64
		{370FF0D6-D01B-4586-B49B-9BC4EC7B0034}.Release|x64.Deploy.0 = Release|x64
		{5AD75523-017B-4CAA-B7C3-041416EC3831}.Debug|Win32.ActiveCfg = Debug|Win32
		{5AD75523-017B-4CAA-B7C3-041416EC3831}.Debug|Win32.Build.0 = Debug|Win32
		{5AD75523-017B-4CAA-B7C3-041416EC3831}.Debug|Win32.Deploy.0 = Debug|Win32
		{5AD75523-017B-4CAA-B7C3-041416EC3831}.Debug|x64.ActiveCfg = Debug|x64
		{5AD75523-017B-4CAA-B7C3-041416EC3831}.Debug|x64.Build.0 = Debug|x64
		{5AD75523-017B-4CAA-B7C3-041416EC3831}.Debug|x64.Deploy.0 = Debug|x64
		{5AD75523-017B-4CAA-B7C3-041416EC3831}.Release|Win32.ActiveCfg = Release|Win32
		{5AD75523-017B-4CAA-B7C3-041416EC3831}.Release|Win32.Build.0 = Release|Win32
		{5AD75523-017B-4CAA-B7C3-041416EC3831}.Release|Win32.Deploy.0 = Release|Win32
		{5AD75523-017B-4CAA-B7C3-041416EC3831}.Release|x64.ActiveCfg = Release|x64
		{5AD75523-017B-4CAA-B7C3-041416EC3831}.Release|x64.Build.0 = Release|x64
		{5AD75523-017B-4CAA-B7C3-041416EC3831}.Release|x64.Deploy.0 = Release|x64
		{7CC56FC5-118D-435C-A724-8279E396C307}.Debug|Win32.ActiveCfg = Debug|Win32
		{7CC56FC5-118D-435C-A724-8279E396C307}.Debug|Win32.Build.0 = Debug|Win32
		{7CC56FC5-118D-435C-A724-8279E396C307}.Debug|Win32.Deploy.0 = Debug|Win32
		{7CC56FC5-118D-435C-A724-8279E396C307}.Debug|x64.ActiveCfg = Debug|x64
		{7CC56FC5-118D-435C-A724-8279E396C307}.Debug|x64.Build.0 = Debug|x64
		{7CC56FC5-118D-435C-A724-8279E396C307}.Debug|x64.Deploy.0 = Debug|x64
		{7CC56FC5-118D-435C-A724-8279E396C307}.Release|Win32.ActiveCfg = Release|Win32
		{7CC56FC5-118D-435C-A724-8279E396C307}.Release|Win32.Build.0 = Release|Win32
		{7CC56FC5-118D-435C-A724-8279E396C307}.Release|Win32.Deploy.0 = Release|Win32
		{7CC56FC5-118D-435C-A724-8279E396C307}.Release|x64.ActiveCfg = Release|x64
		{7CC56FC5-118D-435C-A724-8279E396C307}.Release|x64.Build.0 = Release|x64
		{7CC56FC5-118D-435C-A724-8279E396C307}.Release|x64.Deploy.0 = Release|x64
		{D29BE337-A7FA-455B-AEDC-0FC5CB82E7CA}.Debug|Win32.ActiveCfg = Debug|Win32
		{D29BE337-A7FA-455B-AEDC-0FC5CB82E7CA}.Debug|Win32.Build.0 = Debug|Win32
		{D29BE337-A7FA-455B-AEDC-0FC5CB82E7CA}.Debug|Win32.Deploy.0 = Debug|Win32
		{D29BE337-A7FA-455B-AEDC-0FC5CB82E7CA}.Debug|x64.ActiveCfg = Debug|x64
		{D29BE337-A7FA-455B-AEDC-0FC5CB82E7CA}.Debug|x64.Build.0 = Debug|x64
		{D29BE337-A7FA-455B-AEDC-0FC5CB82E7CA}.Debug|x64.Deploy.0 = Debug|x64
		{D29BE337-A7FA-455B-AEDC-0FC5CB82E7CA}.Release|Win32.ActiveCfg = Release|Win32
		{D29BE337-A7FA-455B-AEDC-0FC5CB82E7CA}.Release|Win32.Build.0 = Release|Win32
		{D29BE337-A7FA-455B-AEDC-0FC5CB82E7CA}.Release|Win32.Deploy.0 = Release|Win32
		{D29BE337-A7FA-455B-AEDC-0FC5CB82E7CA}.Release|x64.ActiveCfg = Release|x64
		{D29BE337-A7FA-455B-AEDC-0FC5CB82E7CA}.Release|x64.Build.0 = Release|x64
		{D29BE337-A7FA-455B-AEDC-0FC5CB82E7CA}.Release|x64.Deploy.0 = Release|x64
		{C5DBAA93-2BEB-4DC1-9907-65BEBA0A2D75}.Debug|Win32.ActiveCfg = Debug|Win32
		{C5DBAA93-2BEB-4DC1-9907-65BEBA0A2D75}.Debug|Win32.Build.0 = Debug|Win32
		{C5DBAA93-2BEB-4DC1-9907-65BEBA0A2D75}.Debug|Win32.Deploy.0 = Debug|Win32
		{C5DBAA93-2BEB-4DC1-9907-65BEBA0A2D75}.Debug|x64.ActiveCfg = Debug|x64
		{C5DBAA93-2BEB-4DC1-9907-65BEBA0A2D75}.Debug|x64.Build.0 = Debug|x64
		{C5DBAA93-2BEB-4DC1-9907-65BEBA0A2D75}.Debug|x64.Deploy.0 = Debug|x64
		{C5DBAA93-2BEB-4DC1-9907-65BEBA0A2D75}.Release|Win32.ActiveCfg = Release|Win32
		{C5DBAA93-2BEB-4DC1-9907-65BEBA0A2D75}.Release|Win32.Build.0 = Release|Win32
		{C5DBAA93-2BEB-4DC1-9907-65BEBA0A2D75}.Release|Win32.Deploy.0 = Release|Win32
		{C5DBAA93-2BEB-4DC1-9907-65BEBA0A2D75}.Release|x64.ActiveCfg = Release|x64
		{C5DBAA93-2BEB-4DC1-9907-65BEBA0A2D75}.Release|x64.Build.0 = Release|x64
		{C5DBAA93-2BEB-4DC1-9907-65BEBA0A2D75}.Release|x64.Deploy.0 = Release|x64
		{E0050703-3999-4426-95B7-FB3445EEA879}.Debug|Win32.ActiveCfg = Debug|Win32
		{E0050703-3999-4426-95B7-FB3445EEA879}.Debug|Win32.Build.0 = Debug|Win32
		{E0050703-3999-4426-95B7-FB3445EEA879}.Debug|Win32.Deploy.0 = Debug|Win32
		{E0050703-3999-4426-95B7-FB3445EEA879}.Debug|x64.ActiveCfg = Debug|x64
		{E0050703-3999-4426-95B7-FB3445EEA879}.Debug|x64.Build.0 = Debug|x64
		{E0050703-3999-4426-95B7-FB3445EEA879}.Debug|x64.Deploy.0 = Debug|x64
		{E0050703-3999-4426-95B7-FB3445EEA879}.Release|Win32.ActiveCfg = Release|Win32
		{E0050703-3999-4426-95B7-FB3445EEA879}.Release|Win32.Build.0 = Release|Win32
		{E0050703-3999-4426-95B7-FB3445EEA879}.Release|Win32.Deploy.0 = Release|Win32
		{E0050703-3999-4426-95B7-FB3445EEA879}.Release|x64.ActiveCfg = Release|x64
		{E0050703-3999-4426-95B7-FB3445EEA879}.Release|x64.Build.0 = Release|x64
		{E0050703-3999-4426-95B7-FB3445EEA879}.Release|x64.Deploy.0 = Release|x64
		{5509D897-EF17-47ED-80EB-06CB2BF7A3A7}.Debug|Win32.ActiveCfg = Debug|Win32
		{5509D897-EF17-47ED-80EB-06CB2BF7A3A7}.Debug|Win32.Build.0 = Debug|Win32
		{5509D897-EF17-47ED-80EB-06CB2BF7A3A7}.Debug|Win32.Deploy.0 = Debug|Win32
		{5509D897-EF17-47ED-80EB-06CB2BF7A3A7}.Debug|x64.ActiveCfg = Debug|x64
		{5509D897-EF17-47ED-80EB-06CB2BF7A3A7}.Debug|x64.Build.0 = Debug|x64
		{5509D897-EF17-47ED-80EB-06CB2BF7A3A7}.Debug|x64.Deploy.0 = Debug|x64
		{5509D897-EF17-47ED-80EB-06CB2BF7A3A7}.Release|Win32.ActiveCfg = Release|Win32
		{5509D897-EF17-47ED-80EB-06CB2BF7A3A7}.Release|Win32.Build.0 = Release|Win32
		{5509D897-EF17-47ED-80EB-06CB2BF7A3A7}.Release|Win32.Deploy.0 = Release|Win32
		{5509D897-EF17-47ED-80EB-06CB2BF7A3A7}.Release|x64.ActiveCfg = Release|x64
		{5509D897-EF17-47ED-80EB-06CB2BF7A3A7}.Release|x64.Build.0 = Release|x64
		{5509D897-EF17-47ED-80EB-06CB2BF7A3A7}.Release|x64.Deploy.0 = Release|x64
		{8D123824-5F37-40D4-89ED-0A8398D5826B}.Debug|Win32.ActiveCfg = Debug|Win32
		{8D123824-5F37-40D4-89ED-0A8398D5826B}.Debug|Win32.Build.0 = Debug|Win32
		{8D123824-5F37-40D4-89ED-0A8398D5826B}.Debug|Win32.Deploy.0 = Debug|Win32
		{8D123824-5F37-40D4-89ED-0A8398D5826B}.Debug|x64.ActiveCfg = Debug|x64
		{8D123824-5F37-40D4-89ED-0A8398D5826B}.Debug|x64.Build.0 = Debug|x64
		{8D123824-5F37-40D4-89ED-0A8398D5826B}.Debug|x64.Deploy.0 = Debug|x64
		{8D123824-5F37-40D4-89ED-0A8398D5826B}.Release|Win32.ActiveCfg = Release|Win32
		{8D123824-5F37-40D4-89ED-0A8398D5826B}.Release|Win32.Build.0 = Release|Win32
		{8D123824-5F37-40D4-89ED-0A8398D5826B}.Release|Win32.Deploy.0 = Release|Win32
		{8D123824-5F37-40D4-89ED-0A8398D5826B}.Release|x64.ActiveCfg = Release|x64
		{8D123824-5F37-40D4-89ED-0A8398D5826B}.Release|x64.Build.0 = Release|x64
		{8D123824-5F37-40D4-89ED-0A8398D5826B}.Release|x64.Deploy.0 = Release|x64
	EndGlobalSection
	GlobalSection(SolutionProperties) = preSolution
		HideSolutionNode = FALSE
	EndGlobalSection
EndGlobal
